// !$*UTF8*$!
{
	archiveVersion = 1;
	classes = {
	};
	objectVersion = 48;
	objects = {

/* Begin PBXBuildFile section */
		5600B48C204231280087FA4D /* GeoManager.swift in Sources */ = {isa = PBXBuildFile; fileRef = 5600B48B204231280087FA4D /* GeoManager.swift */; };
		5600B48F204247940087FA4D /* WeakReference.swift in Sources */ = {isa = PBXBuildFile; fileRef = 5600B48E204247940087FA4D /* WeakReference.swift */; };
		5600B492204261690087FA4D /* MessagesManager.swift in Sources */ = {isa = PBXBuildFile; fileRef = 5600B491204261690087FA4D /* MessagesManager.swift */; };
		5606302520439A7400FB69F3 /* Storage.swift in Sources */ = {isa = PBXBuildFile; fileRef = 5606302420439A7400FB69F3 /* Storage.swift */; };
		560630282043A48700FB69F3 /* MessageTableViewCell.swift in Sources */ = {isa = PBXBuildFile; fileRef = 560630272043A48700FB69F3 /* MessageTableViewCell.swift */; };
		560EB4C3203F94E200259229 /* ComposeMessageViewController.swift in Sources */ = {isa = PBXBuildFile; fileRef = 560EB4C2203F94E200259229 /* ComposeMessageViewController.swift */; };
		560EB4C52040AB0C00259229 /* MapViewController.swift in Sources */ = {isa = PBXBuildFile; fileRef = 560EB4C42040AB0C00259229 /* MapViewController.swift */; };
		5638407920422B2F00797C9E /* GeoFence.swift in Sources */ = {isa = PBXBuildFile; fileRef = 5638407820422B2F00797C9E /* GeoFence.swift */; };
		566347752040F11B00DCDB1F /* MessagesViewController.swift in Sources */ = {isa = PBXBuildFile; fileRef = 566347742040F11B00DCDB1F /* MessagesViewController.swift */; };
		569690272043BEB100F7468B /* Date.swift in Sources */ = {isa = PBXBuildFile; fileRef = 569690262043BEB100F7468B /* Date.swift */; };
		569690292043CE2000F7468B /* ShowMessageController.swift in Sources */ = {isa = PBXBuildFile; fileRef = 569690282043CE2000F7468B /* ShowMessageController.swift */; };
		5696902B2043D01400F7468B /* Inspire.swift in Sources */ = {isa = PBXBuildFile; fileRef = 5696902A2043D01400F7468B /* Inspire.swift */; };
		56AE6339203F48B500BFF979 /* AppDelegate.swift in Sources */ = {isa = PBXBuildFile; fileRef = 56AE6338203F48B500BFF979 /* AppDelegate.swift */; };
		56AE633E203F48B500BFF979 /* Main.storyboard in Resources */ = {isa = PBXBuildFile; fileRef = 56AE633C203F48B500BFF979 /* Main.storyboard */; };
		56AE6340203F48B500BFF979 /* Assets.xcassets in Resources */ = {isa = PBXBuildFile; fileRef = 56AE633F203F48B500BFF979 /* Assets.xcassets */; };
		56AE6343203F48B500BFF979 /* LaunchScreen.storyboard in Resources */ = {isa = PBXBuildFile; fileRef = 56AE6341203F48B500BFF979 /* LaunchScreen.storyboard */; };
		56AE634B203F505F00BFF979 /* GoogleService-Info.plist in Resources */ = {isa = PBXBuildFile; fileRef = 56AE634A203F505F00BFF979 /* GoogleService-Info.plist */; };
		56AE634E203F605D00BFF979 /* CoreLocation.framework in Frameworks */ = {isa = PBXBuildFile; fileRef = 56AE634D203F605D00BFF979 /* CoreLocation.framework */; };
		56AE6352203F61A400BFF979 /* Constants.swift in Sources */ = {isa = PBXBuildFile; fileRef = 56AE6351203F61A400BFF979 /* Constants.swift */; };
		56AE6354203F7E1D00BFF979 /* UserManager.swift in Sources */ = {isa = PBXBuildFile; fileRef = 56AE6353203F7E1D00BFF979 /* UserManager.swift */; };
		56C29D8B203F89160060ADE3 /* Message.swift in Sources */ = {isa = PBXBuildFile; fileRef = 56C29D8A203F89160060ADE3 /* Message.swift */; };
		56C29D92203F8CA40060ADE3 /* Errors.swift in Sources */ = {isa = PBXBuildFile; fileRef = 56C29D91203F8CA40060ADE3 /* Errors.swift */; };
		56C8BAFB2042791C00212AFA /* MessageAnnotation.swift in Sources */ = {isa = PBXBuildFile; fileRef = 56C8BAFA2042791C00212AFA /* MessageAnnotation.swift */; };
		56C8BAFE2043017B00212AFA /* TabBarController.swift in Sources */ = {isa = PBXBuildFile; fileRef = 56C8BAFD2043017B00212AFA /* TabBarController.swift */; };
		56C8BB00204348A600212AFA /* ComposeMessageViewController+ImagePicker.swift in Sources */ = {isa = PBXBuildFile; fileRef = 56C8BAFF204348A600212AFA /* ComposeMessageViewController+ImagePicker.swift */; };
		56C8BB02204365B900212AFA /* Nudity.mlmodel in Sources */ = {isa = PBXBuildFile; fileRef = 56C8BB01204365B800212AFA /* Nudity.mlmodel */; };
		56C8BB042043672D00212AFA /* ImageProcessor.swift in Sources */ = {isa = PBXBuildFile; fileRef = 56C8BB032043672D00212AFA /* ImageProcessor.swift */; };
		56C8BB0720436BB900212AFA /* UIImage.swift in Sources */ = {isa = PBXBuildFile; fileRef = 56C8BB0620436BB900212AFA /* UIImage.swift */; };
		56D3183C2041DF7300DCAC36 /* VoltaNaQuadra.gpx in Resources */ = {isa = PBXBuildFile; fileRef = 56D3183B2041DF7200DCAC36 /* VoltaNaQuadra.gpx */; };
		ECFC633A64E6109980C1C490 /* Pods_Skibby.framework in Frameworks */ = {isa = PBXBuildFile; fileRef = CF41C94F85DB1D1ACAB13825 /* Pods_Skibby.framework */; };
/* End PBXBuildFile section */

/* Begin PBXFileReference section */
		4A2C6EB27F5C5A6F55579C84 /* Pods-Skibby.debug.xcconfig */ = {isa = PBXFileReference; includeInIndex = 1; lastKnownFileType = text.xcconfig; name = "Pods-Skibby.debug.xcconfig"; path = "Pods/Target Support Files/Pods-Skibby/Pods-Skibby.debug.xcconfig"; sourceTree = "<group>"; };
		5600B48B204231280087FA4D /* GeoManager.swift */ = {isa = PBXFileReference; lastKnownFileType = sourcecode.swift; path = GeoManager.swift; sourceTree = "<group>"; };
		5600B48E204247940087FA4D /* WeakReference.swift */ = {isa = PBXFileReference; lastKnownFileType = sourcecode.swift; path = WeakReference.swift; sourceTree = "<group>"; };
		5600B491204261690087FA4D /* MessagesManager.swift */ = {isa = PBXFileReference; lastKnownFileType = sourcecode.swift; name = MessagesManager.swift; path = Skibby/Services/MessagesManager.swift; sourceTree = SOURCE_ROOT; };
		5606302420439A7400FB69F3 /* Storage.swift */ = {isa = PBXFileReference; lastKnownFileType = sourcecode.swift; path = Storage.swift; sourceTree = "<group>"; };
		560630272043A48700FB69F3 /* MessageTableViewCell.swift */ = {isa = PBXFileReference; lastKnownFileType = sourcecode.swift; path = MessageTableViewCell.swift; sourceTree = "<group>"; };
		560EB4C2203F94E200259229 /* ComposeMessageViewController.swift */ = {isa = PBXFileReference; lastKnownFileType = sourcecode.swift; path = ComposeMessageViewController.swift; sourceTree = "<group>"; };
		560EB4C42040AB0C00259229 /* MapViewController.swift */ = {isa = PBXFileReference; lastKnownFileType = sourcecode.swift; path = MapViewController.swift; sourceTree = "<group>"; };
		5638407820422B2F00797C9E /* GeoFence.swift */ = {isa = PBXFileReference; lastKnownFileType = sourcecode.swift; path = GeoFence.swift; sourceTree = "<group>"; };
		566347742040F11B00DCDB1F /* MessagesViewController.swift */ = {isa = PBXFileReference; lastKnownFileType = sourcecode.swift; path = MessagesViewController.swift; sourceTree = "<group>"; };
		569690262043BEB100F7468B /* Date.swift */ = {isa = PBXFileReference; lastKnownFileType = sourcecode.swift; path = Date.swift; sourceTree = "<group>"; };
		569690282043CE2000F7468B /* ShowMessageController.swift */ = {isa = PBXFileReference; lastKnownFileType = sourcecode.swift; path = ShowMessageController.swift; sourceTree = "<group>"; };
		5696902A2043D01400F7468B /* Inspire.swift */ = {isa = PBXFileReference; lastKnownFileType = sourcecode.swift; path = Inspire.swift; sourceTree = "<group>"; };
		56AE6335203F48B500BFF979 /* Skibby.app */ = {isa = PBXFileReference; explicitFileType = wrapper.application; includeInIndex = 0; path = Skibby.app; sourceTree = BUILT_PRODUCTS_DIR; };
		56AE6338203F48B500BFF979 /* AppDelegate.swift */ = {isa = PBXFileReference; lastKnownFileType = sourcecode.swift; path = AppDelegate.swift; sourceTree = "<group>"; };
		56AE633D203F48B500BFF979 /* Base */ = {isa = PBXFileReference; lastKnownFileType = file.storyboard; name = Base; path = Base.lproj/Main.storyboard; sourceTree = "<group>"; };
		56AE633F203F48B500BFF979 /* Assets.xcassets */ = {isa = PBXFileReference; lastKnownFileType = folder.assetcatalog; path = Assets.xcassets; sourceTree = "<group>"; };
		56AE6342203F48B500BFF979 /* Base */ = {isa = PBXFileReference; lastKnownFileType = file.storyboard; name = Base; path = Base.lproj/LaunchScreen.storyboard; sourceTree = "<group>"; };
		56AE6344203F48B500BFF979 /* Info.plist */ = {isa = PBXFileReference; lastKnownFileType = text.plist.xml; path = Info.plist; sourceTree = "<group>"; };
		56AE634A203F505F00BFF979 /* GoogleService-Info.plist */ = {isa = PBXFileReference; fileEncoding = 4; lastKnownFileType = text.plist.xml; path = "GoogleService-Info.plist"; sourceTree = "<group>"; };
		56AE634D203F605D00BFF979 /* CoreLocation.framework */ = {isa = PBXFileReference; lastKnownFileType = wrapper.framework; name = CoreLocation.framework; path = System/Library/Frameworks/CoreLocation.framework; sourceTree = SDKROOT; };
		56AE6351203F61A400BFF979 /* Constants.swift */ = {isa = PBXFileReference; lastKnownFileType = sourcecode.swift; path = Constants.swift; sourceTree = "<group>"; };
		56AE6353203F7E1D00BFF979 /* UserManager.swift */ = {isa = PBXFileReference; lastKnownFileType = sourcecode.swift; path = UserManager.swift; sourceTree = "<group>"; };
		56C29D8A203F89160060ADE3 /* Message.swift */ = {isa = PBXFileReference; lastKnownFileType = sourcecode.swift; path = Message.swift; sourceTree = "<group>"; };
		56C29D91203F8CA40060ADE3 /* Errors.swift */ = {isa = PBXFileReference; lastKnownFileType = sourcecode.swift; path = Errors.swift; sourceTree = "<group>"; };
		56C8BAFA2042791C00212AFA /* MessageAnnotation.swift */ = {isa = PBXFileReference; lastKnownFileType = sourcecode.swift; path = MessageAnnotation.swift; sourceTree = "<group>"; };
		56C8BAFC204283E800212AFA /* ZigZag.gpx */ = {isa = PBXFileReference; lastKnownFileType = text.xml; path = ZigZag.gpx; sourceTree = "<group>"; };
		56C8BAFD2043017B00212AFA /* TabBarController.swift */ = {isa = PBXFileReference; lastKnownFileType = sourcecode.swift; path = TabBarController.swift; sourceTree = "<group>"; };
		56C8BAFF204348A600212AFA /* ComposeMessageViewController+ImagePicker.swift */ = {isa = PBXFileReference; lastKnownFileType = sourcecode.swift; path = "ComposeMessageViewController+ImagePicker.swift"; sourceTree = "<group>"; };
		56C8BB01204365B800212AFA /* Nudity.mlmodel */ = {isa = PBXFileReference; lastKnownFileType = file.mlmodel; path = Nudity.mlmodel; sourceTree = "<group>"; };
		56C8BB032043672D00212AFA /* ImageProcessor.swift */ = {isa = PBXFileReference; lastKnownFileType = sourcecode.swift; path = ImageProcessor.swift; sourceTree = "<group>"; };
		56C8BB0620436BB900212AFA /* UIImage.swift */ = {isa = PBXFileReference; lastKnownFileType = sourcecode.swift; path = UIImage.swift; sourceTree = "<group>"; };
		56D3183B2041DF7200DCAC36 /* VoltaNaQuadra.gpx */ = {isa = PBXFileReference; fileEncoding = 4; lastKnownFileType = text.xml; path = VoltaNaQuadra.gpx; sourceTree = "<group>"; };
		939D1A07BE0C87603F3CC4F6 /* Pods-Skibby.release.xcconfig */ = {isa = PBXFileReference; includeInIndex = 1; lastKnownFileType = text.xcconfig; name = "Pods-Skibby.release.xcconfig"; path = "Pods/Target Support Files/Pods-Skibby/Pods-Skibby.release.xcconfig"; sourceTree = "<group>"; };
		CF41C94F85DB1D1ACAB13825 /* Pods_Skibby.framework */ = {isa = PBXFileReference; explicitFileType = wrapper.framework; includeInIndex = 0; path = Pods_Skibby.framework; sourceTree = BUILT_PRODUCTS_DIR; };
/* End PBXFileReference section */

/* Begin PBXFrameworksBuildPhase section */
		56AE6332203F48B500BFF979 /* Frameworks */ = {
			isa = PBXFrameworksBuildPhase;
			buildActionMask = 2147483647;
			files = (
				56AE634E203F605D00BFF979 /* CoreLocation.framework in Frameworks */,
				ECFC633A64E6109980C1C490 /* Pods_Skibby.framework in Frameworks */,
			);
			runOnlyForDeploymentPostprocessing = 0;
		};
/* End PBXFrameworksBuildPhase section */

/* Begin PBXGroup section */
		3DEF3F74D05279CD9DCCEC67 /* Pods */ = {
			isa = PBXGroup;
			children = (
				4A2C6EB27F5C5A6F55579C84 /* Pods-Skibby.debug.xcconfig */,
				939D1A07BE0C87603F3CC4F6 /* Pods-Skibby.release.xcconfig */,
			);
			name = Pods;
			sourceTree = "<group>";
		};
		4DC2A45C1C0A9097AD95D1E3 /* Frameworks */ = {
			isa = PBXGroup;
			children = (
				56AE634D203F605D00BFF979 /* CoreLocation.framework */,
				CF41C94F85DB1D1ACAB13825 /* Pods_Skibby.framework */,
			);
			name = Frameworks;
			sourceTree = "<group>";
		};
		5600B48D204247810087FA4D /* Util */ = {
			isa = PBXGroup;
			children = (
				5600B48E204247940087FA4D /* WeakReference.swift */,
				56C8BB032043672D00212AFA /* ImageProcessor.swift */,
				5696902A2043D01400F7468B /* Inspire.swift */,
			);
			path = Util;
			sourceTree = "<group>";
		};
		560630262043A47100FB69F3 /* Cells */ = {
			isa = PBXGroup;
			children = (
				560630272043A48700FB69F3 /* MessageTableViewCell.swift */,
			);
			path = Cells;
			sourceTree = "<group>";
		};
		56AE632C203F48B500BFF979 = {
			isa = PBXGroup;
			children = (
				56AE6337203F48B500BFF979 /* Skibby */,
				56AE6336203F48B500BFF979 /* Products */,
				3DEF3F74D05279CD9DCCEC67 /* Pods */,
				4DC2A45C1C0A9097AD95D1E3 /* Frameworks */,
			);
			sourceTree = "<group>";
		};
		56AE6336203F48B500BFF979 /* Products */ = {
			isa = PBXGroup;
			children = (
				56AE6335203F48B500BFF979 /* Skibby.app */,
			);
			name = Products;
			sourceTree = "<group>";
		};
		56AE6337203F48B500BFF979 /* Skibby */ = {
			isa = PBXGroup;
			children = (
				56AE633F203F48B500BFF979 /* Assets.xcassets */,
				56AE6338203F48B500BFF979 /* AppDelegate.swift */,
				56C29D90203F8C410060ADE3 /* Config */,
				56C29D8F203F8C060060ADE3 /* Controllers */,
				56C8BB0520436BAA00212AFA /* Extensions */,
				56C29D85203F887A0060ADE3 /* Models */,
				56C29D86203F888C0060ADE3 /* Views */,
				56B99CB42040D8B900200724 /* Services */,
				5600B48D204247810087FA4D /* Util */,
			);
			path = Skibby;
			sourceTree = "<group>";
		};
		56B99CB42040D8B900200724 /* Services */ = {
			isa = PBXGroup;
			children = (
				56AE6353203F7E1D00BFF979 /* UserManager.swift */,
				5600B48B204231280087FA4D /* GeoManager.swift */,
				5600B491204261690087FA4D /* MessagesManager.swift */,
				5606302420439A7400FB69F3 /* Storage.swift */,
			);
			path = Services;
			sourceTree = "<group>";
		};
		56C29D85203F887A0060ADE3 /* Models */ = {
			isa = PBXGroup;
			children = (
				56C29D8A203F89160060ADE3 /* Message.swift */,
				5638407820422B2F00797C9E /* GeoFence.swift */,
			);
			path = Models;
			sourceTree = "<group>";
		};
		56C29D86203F888C0060ADE3 /* Views */ = {
			isa = PBXGroup;
			children = (
				56C8BAF9204278FF00212AFA /* Annotations */,
				560630262043A47100FB69F3 /* Cells */,
				56C29D8E203F8C000060ADE3 /* Storyboards */,
			);
			path = Views;
			sourceTree = "<group>";
		};
		56C29D8E203F8C000060ADE3 /* Storyboards */ = {
			isa = PBXGroup;
			children = (
				56AE633C203F48B500BFF979 /* Main.storyboard */,
				56AE6341203F48B500BFF979 /* LaunchScreen.storyboard */,
			);
			path = Storyboards;
			sourceTree = "<group>";
		};
		56C29D8F203F8C060060ADE3 /* Controllers */ = {
			isa = PBXGroup;
			children = (
				560EB4C2203F94E200259229 /* ComposeMessageViewController.swift */,
				56C8BAFF204348A600212AFA /* ComposeMessageViewController+ImagePicker.swift */,
				560EB4C42040AB0C00259229 /* MapViewController.swift */,
				566347742040F11B00DCDB1F /* MessagesViewController.swift */,
				56C8BAFD2043017B00212AFA /* TabBarController.swift */,
				569690282043CE2000F7468B /* ShowMessageController.swift */,
			);
			path = Controllers;
			sourceTree = "<group>";
		};
		56C29D90203F8C410060ADE3 /* Config */ = {
			isa = PBXGroup;
			children = (
				56AE634A203F505F00BFF979 /* GoogleService-Info.plist */,
				56AE6344203F48B500BFF979 /* Info.plist */,
				56AE6351203F61A400BFF979 /* Constants.swift */,
				56C29D91203F8CA40060ADE3 /* Errors.swift */,
				56C8BB01204365B800212AFA /* Nudity.mlmodel */,
				56D3183B2041DF7200DCAC36 /* VoltaNaQuadra.gpx */,
				56C8BAFC204283E800212AFA /* ZigZag.gpx */,
			);
			path = Config;
			sourceTree = "<group>";
		};
		56C8BAF9204278FF00212AFA /* Annotations */ = {
			isa = PBXGroup;
			children = (
				56C8BAFA2042791C00212AFA /* MessageAnnotation.swift */,
			);
			path = Annotations;
			sourceTree = "<group>";
		};
		56C8BB0520436BAA00212AFA /* Extensions */ = {
			isa = PBXGroup;
			children = (
				56C8BB0620436BB900212AFA /* UIImage.swift */,
				569690262043BEB100F7468B /* Date.swift */,
			);
			path = Extensions;
			sourceTree = "<group>";
		};
/* End PBXGroup section */

/* Begin PBXNativeTarget section */
		56AE6334203F48B500BFF979 /* Skibby */ = {
			isa = PBXNativeTarget;
			buildConfigurationList = 56AE6347203F48B500BFF979 /* Build configuration list for PBXNativeTarget "Skibby" */;
			buildPhases = (
				D232E68D886B5CCBD8F50B65 /* [CP] Check Pods Manifest.lock */,
				56AE6331203F48B500BFF979 /* Sources */,
				56AE6332203F48B500BFF979 /* Frameworks */,
				56AE6333203F48B500BFF979 /* Resources */,
				3E67A2B2A393BBC0B8E5146F /* [CP] Embed Pods Frameworks */,
				C326CED39073023D116ADA58 /* [CP] Copy Pods Resources */,
			);
			buildRules = (
			);
			dependencies = (
			);
			name = Skibby;
			productName = Skibby;
			productReference = 56AE6335203F48B500BFF979 /* Skibby.app */;
			productType = "com.apple.product-type.application";
		};
/* End PBXNativeTarget section */

/* Begin PBXProject section */
		56AE632D203F48B500BFF979 /* Project object */ = {
			isa = PBXProject;
			attributes = {
				LastSwiftUpdateCheck = 0920;
				LastUpgradeCheck = 0920;
				ORGANIZATIONNAME = "Charles Ferreira";
				TargetAttributes = {
					56AE6334203F48B500BFF979 = {
						CreatedOnToolsVersion = 9.2;
						ProvisioningStyle = Automatic;
						SystemCapabilities = {
							com.apple.Maps.iOS = {
								enabled = 0;
							};
						};
					};
				};
			};
			buildConfigurationList = 56AE6330203F48B500BFF979 /* Build configuration list for PBXProject "Skibby" */;
			compatibilityVersion = "Xcode 8.0";
			developmentRegion = en;
			hasScannedForEncodings = 0;
			knownRegions = (
				en,
				Base,
			);
			mainGroup = 56AE632C203F48B500BFF979;
			productRefGroup = 56AE6336203F48B500BFF979 /* Products */;
			projectDirPath = "";
			projectRoot = "";
			targets = (
				56AE6334203F48B500BFF979 /* Skibby */,
			);
		};
/* End PBXProject section */

/* Begin PBXResourcesBuildPhase section */
		56AE6333203F48B500BFF979 /* Resources */ = {
			isa = PBXResourcesBuildPhase;
			buildActionMask = 2147483647;
			files = (
				56AE634B203F505F00BFF979 /* GoogleService-Info.plist in Resources */,
				56AE6343203F48B500BFF979 /* LaunchScreen.storyboard in Resources */,
				56D3183C2041DF7300DCAC36 /* VoltaNaQuadra.gpx in Resources */,
				56AE6340203F48B500BFF979 /* Assets.xcassets in Resources */,
				56AE633E203F48B500BFF979 /* Main.storyboard in Resources */,
			);
			runOnlyForDeploymentPostprocessing = 0;
		};
/* End PBXResourcesBuildPhase section */

/* Begin PBXShellScriptBuildPhase section */
		3E67A2B2A393BBC0B8E5146F /* [CP] Embed Pods Frameworks */ = {
			isa = PBXShellScriptBuildPhase;
			buildActionMask = 2147483647;
			files = (
			);
			inputPaths = (
				"${SRCROOT}/Pods/Target Support Files/Pods-Skibby/Pods-Skibby-frameworks.sh",
				"${BUILT_PRODUCTS_DIR}/GTMSessionFetcher/GTMSessionFetcher.framework",
				"${BUILT_PRODUCTS_DIR}/GeoFire/GeoFire.framework",
				"${BUILT_PRODUCTS_DIR}/GoogleToolboxForMac/GoogleToolboxForMac.framework",
				"${BUILT_PRODUCTS_DIR}/GrowingTextView/GrowingTextView.framework",
				"${BUILT_PRODUCTS_DIR}/leveldb-library/leveldb.framework",
				"${BUILT_PRODUCTS_DIR}/nanopb/nanopb.framework",
			);
			name = "[CP] Embed Pods Frameworks";
			outputPaths = (
				"${TARGET_BUILD_DIR}/${FRAMEWORKS_FOLDER_PATH}/GTMSessionFetcher.framework",
				"${TARGET_BUILD_DIR}/${FRAMEWORKS_FOLDER_PATH}/GeoFire.framework",
				"${TARGET_BUILD_DIR}/${FRAMEWORKS_FOLDER_PATH}/GoogleToolboxForMac.framework",
				"${TARGET_BUILD_DIR}/${FRAMEWORKS_FOLDER_PATH}/GrowingTextView.framework",
				"${TARGET_BUILD_DIR}/${FRAMEWORKS_FOLDER_PATH}/leveldb.framework",
				"${TARGET_BUILD_DIR}/${FRAMEWORKS_FOLDER_PATH}/nanopb.framework",
			);
			runOnlyForDeploymentPostprocessing = 0;
			shellPath = /bin/sh;
			shellScript = "\"${SRCROOT}/Pods/Target Support Files/Pods-Skibby/Pods-Skibby-frameworks.sh\"\n";
			showEnvVarsInLog = 0;
		};
		C326CED39073023D116ADA58 /* [CP] Copy Pods Resources */ = {
			isa = PBXShellScriptBuildPhase;
			buildActionMask = 2147483647;
			files = (
			);
			inputPaths = (
			);
			name = "[CP] Copy Pods Resources";
			outputPaths = (
			);
			runOnlyForDeploymentPostprocessing = 0;
			shellPath = /bin/sh;
			shellScript = "\"${SRCROOT}/Pods/Target Support Files/Pods-Skibby/Pods-Skibby-resources.sh\"\n";
			showEnvVarsInLog = 0;
		};
		D232E68D886B5CCBD8F50B65 /* [CP] Check Pods Manifest.lock */ = {
			isa = PBXShellScriptBuildPhase;
			buildActionMask = 2147483647;
			files = (
			);
			inputPaths = (
				"${PODS_PODFILE_DIR_PATH}/Podfile.lock",
				"${PODS_ROOT}/Manifest.lock",
			);
			name = "[CP] Check Pods Manifest.lock";
			outputPaths = (
				"$(DERIVED_FILE_DIR)/Pods-Skibby-checkManifestLockResult.txt",
			);
			runOnlyForDeploymentPostprocessing = 0;
			shellPath = /bin/sh;
			shellScript = "diff \"${PODS_PODFILE_DIR_PATH}/Podfile.lock\" \"${PODS_ROOT}/Manifest.lock\" > /dev/null\nif [ $? != 0 ] ; then\n    # print error to STDERR\n    echo \"error: The sandbox is not in sync with the Podfile.lock. Run 'pod install' or update your CocoaPods installation.\" >&2\n    exit 1\nfi\n# This output is used by Xcode 'outputs' to avoid re-running this script phase.\necho \"SUCCESS\" > \"${SCRIPT_OUTPUT_FILE_0}\"\n";
			showEnvVarsInLog = 0;
		};
/* End PBXShellScriptBuildPhase section */

/* Begin PBXSourcesBuildPhase section */
		56AE6331203F48B500BFF979 /* Sources */ = {
			isa = PBXSourcesBuildPhase;
			buildActionMask = 2147483647;
			files = (
				566347752040F11B00DCDB1F /* MessagesViewController.swift in Sources */,
				56AE6354203F7E1D00BFF979 /* UserManager.swift in Sources */,
				560EB4C3203F94E200259229 /* ComposeMessageViewController.swift in Sources */,
				5606302520439A7400FB69F3 /* Storage.swift in Sources */,
				569690292043CE2000F7468B /* ShowMessageController.swift in Sources */,
				56C8BB02204365B900212AFA /* Nudity.mlmodel in Sources */,
				56C8BAFB2042791C00212AFA /* MessageAnnotation.swift in Sources */,
				560EB4C52040AB0C00259229 /* MapViewController.swift in Sources */,
				56C29D8B203F89160060ADE3 /* Message.swift in Sources */,
				56C29D92203F8CA40060ADE3 /* Errors.swift in Sources */,
				5600B492204261690087FA4D /* MessagesManager.swift in Sources */,
				5638407920422B2F00797C9E /* GeoFence.swift in Sources */,
				56C8BB00204348A600212AFA /* ComposeMessageViewController+ImagePicker.swift in Sources */,
				5600B48C204231280087FA4D /* GeoManager.swift in Sources */,
				560630282043A48700FB69F3 /* MessageTableViewCell.swift in Sources */,
				56AE6339203F48B500BFF979 /* AppDelegate.swift in Sources */,
				56C8BB042043672D00212AFA /* ImageProcessor.swift in Sources */,
				5696902B2043D01400F7468B /* Inspire.swift in Sources */,
				569690272043BEB100F7468B /* Date.swift in Sources */,
				56C8BAFE2043017B00212AFA /* TabBarController.swift in Sources */,
				56C8BB0720436BB900212AFA /* UIImage.swift in Sources */,
				5600B48F204247940087FA4D /* WeakReference.swift in Sources */,
				56AE6352203F61A400BFF979 /* Constants.swift in Sources */,
			);
			runOnlyForDeploymentPostprocessing = 0;
		};
/* End PBXSourcesBuildPhase section */

/* Begin PBXVariantGroup section */
		56AE633C203F48B500BFF979 /* Main.storyboard */ = {
			isa = PBXVariantGroup;
			children = (
				56AE633D203F48B500BFF979 /* Base */,
			);
			name = Main.storyboard;
			sourceTree = "<group>";
		};
		56AE6341203F48B500BFF979 /* LaunchScreen.storyboard */ = {
			isa = PBXVariantGroup;
			children = (
				56AE6342203F48B500BFF979 /* Base */,
			);
			name = LaunchScreen.storyboard;
			sourceTree = "<group>";
		};
/* End PBXVariantGroup section */

/* Begin XCBuildConfiguration section */
		56AE6345203F48B500BFF979 /* Debug */ = {
			isa = XCBuildConfiguration;
			buildSettings = {
				ALWAYS_SEARCH_USER_PATHS = NO;
				CLANG_ANALYZER_NONNULL = YES;
				CLANG_ANALYZER_NUMBER_OBJECT_CONVERSION = YES_AGGRESSIVE;
				CLANG_CXX_LANGUAGE_STANDARD = "gnu++14";
				CLANG_CXX_LIBRARY = "libc++";
				CLANG_ENABLE_MODULES = YES;
				CLANG_ENABLE_OBJC_ARC = YES;
				CLANG_WARN_BLOCK_CAPTURE_AUTORELEASING = YES;
				CLANG_WARN_BOOL_CONVERSION = YES;
				CLANG_WARN_COMMA = YES;
				CLANG_WARN_CONSTANT_CONVERSION = YES;
				CLANG_WARN_DIRECT_OBJC_ISA_USAGE = YES_ERROR;
				CLANG_WARN_DOCUMENTATION_COMMENTS = YES;
				CLANG_WARN_EMPTY_BODY = YES;
				CLANG_WARN_ENUM_CONVERSION = YES;
				CLANG_WARN_INFINITE_RECURSION = YES;
				CLANG_WARN_INT_CONVERSION = YES;
				CLANG_WARN_NON_LITERAL_NULL_CONVERSION = YES;
				CLANG_WARN_OBJC_LITERAL_CONVERSION = YES;
				CLANG_WARN_OBJC_ROOT_CLASS = YES_ERROR;
				CLANG_WARN_RANGE_LOOP_ANALYSIS = YES;
				CLANG_WARN_STRICT_PROTOTYPES = YES;
				CLANG_WARN_SUSPICIOUS_MOVE = YES;
				CLANG_WARN_UNGUARDED_AVAILABILITY = YES_AGGRESSIVE;
				CLANG_WARN_UNREACHABLE_CODE = YES;
				CLANG_WARN__DUPLICATE_METHOD_MATCH = YES;
				CODE_SIGN_IDENTITY = "iPhone Developer";
				COPY_PHASE_STRIP = NO;
				DEBUG_INFORMATION_FORMAT = dwarf;
				ENABLE_STRICT_OBJC_MSGSEND = YES;
				ENABLE_TESTABILITY = YES;
				GCC_C_LANGUAGE_STANDARD = gnu11;
				GCC_DYNAMIC_NO_PIC = NO;
				GCC_NO_COMMON_BLOCKS = YES;
				GCC_OPTIMIZATION_LEVEL = 0;
				GCC_PREPROCESSOR_DEFINITIONS = (
					"DEBUG=1",
					"$(inherited)",
				);
				GCC_WARN_64_TO_32_BIT_CONVERSION = YES;
				GCC_WARN_ABOUT_RETURN_TYPE = YES_ERROR;
				GCC_WARN_UNDECLARED_SELECTOR = YES;
				GCC_WARN_UNINITIALIZED_AUTOS = YES_AGGRESSIVE;
				GCC_WARN_UNUSED_FUNCTION = YES;
				GCC_WARN_UNUSED_VARIABLE = YES;
				IPHONEOS_DEPLOYMENT_TARGET = 11.2;
				MTL_ENABLE_DEBUG_INFO = YES;
				ONLY_ACTIVE_ARCH = YES;
				SDKROOT = iphoneos;
				SWIFT_ACTIVE_COMPILATION_CONDITIONS = DEBUG;
				SWIFT_OPTIMIZATION_LEVEL = "-Onone";
			};
			name = Debug;
		};
		56AE6346203F48B500BFF979 /* Release */ = {
			isa = XCBuildConfiguration;
			buildSettings = {
				ALWAYS_SEARCH_USER_PATHS = NO;
				CLANG_ANALYZER_NONNULL = YES;
				CLANG_ANALYZER_NUMBER_OBJECT_CONVERSION = YES_AGGRESSIVE;
				CLANG_CXX_LANGUAGE_STANDARD = "gnu++14";
				CLANG_CXX_LIBRARY = "libc++";
				CLANG_ENABLE_MODULES = YES;
				CLANG_ENABLE_OBJC_ARC = YES;
				CLANG_WARN_BLOCK_CAPTURE_AUTORELEASING = YES;
				CLANG_WARN_BOOL_CONVERSION = YES;
				CLANG_WARN_COMMA = YES;
				CLANG_WARN_CONSTANT_CONVERSION = YES;
				CLANG_WARN_DIRECT_OBJC_ISA_USAGE = YES_ERROR;
				CLANG_WARN_DOCUMENTATION_COMMENTS = YES;
				CLANG_WARN_EMPTY_BODY = YES;
				CLANG_WARN_ENUM_CONVERSION = YES;
				CLANG_WARN_INFINITE_RECURSION = YES;
				CLANG_WARN_INT_CONVERSION = YES;
				CLANG_WARN_NON_LITERAL_NULL_CONVERSION = YES;
				CLANG_WARN_OBJC_LITERAL_CONVERSION = YES;
				CLANG_WARN_OBJC_ROOT_CLASS = YES_ERROR;
				CLANG_WARN_RANGE_LOOP_ANALYSIS = YES;
				CLANG_WARN_STRICT_PROTOTYPES = YES;
				CLANG_WARN_SUSPICIOUS_MOVE = YES;
				CLANG_WARN_UNGUARDED_AVAILABILITY = YES_AGGRESSIVE;
				CLANG_WARN_UNREACHABLE_CODE = YES;
				CLANG_WARN__DUPLICATE_METHOD_MATCH = YES;
				CODE_SIGN_IDENTITY = "iPhone Developer";
				COPY_PHASE_STRIP = NO;
				DEBUG_INFORMATION_FORMAT = "dwarf-with-dsym";
				ENABLE_NS_ASSERTIONS = NO;
				ENABLE_STRICT_OBJC_MSGSEND = YES;
				GCC_C_LANGUAGE_STANDARD = gnu11;
				GCC_NO_COMMON_BLOCKS = YES;
				GCC_WARN_64_TO_32_BIT_CONVERSION = YES;
				GCC_WARN_ABOUT_RETURN_TYPE = YES_ERROR;
				GCC_WARN_UNDECLARED_SELECTOR = YES;
				GCC_WARN_UNINITIALIZED_AUTOS = YES_AGGRESSIVE;
				GCC_WARN_UNUSED_FUNCTION = YES;
				GCC_WARN_UNUSED_VARIABLE = YES;
				IPHONEOS_DEPLOYMENT_TARGET = 11.2;
				MTL_ENABLE_DEBUG_INFO = NO;
				SDKROOT = iphoneos;
				SWIFT_OPTIMIZATION_LEVEL = "-Owholemodule";
				VALIDATE_PRODUCT = YES;
			};
			name = Release;
		};
		56AE6348203F48B500BFF979 /* Debug */ = {
			isa = XCBuildConfiguration;
			baseConfigurationReference = 4A2C6EB27F5C5A6F55579C84 /* Pods-Skibby.debug.xcconfig */;
			buildSettings = {
				ASSETCATALOG_COMPILER_APPICON_NAME = AppIcon;
				CODE_SIGN_STYLE = Automatic;
				DEVELOPMENT_TEAM = 2978C4JMXA;
				INFOPLIST_FILE = Skibby/Config/Info.plist;
				LD_RUNPATH_SEARCH_PATHS = "$(inherited) @executable_path/Frameworks";
				PRODUCT_BUNDLE_IDENTIFIER = br.com.charlesferreira.Skibby;
				PRODUCT_NAME = "$(TARGET_NAME)";
				SWIFT_VERSION = 4.0;
				TARGETED_DEVICE_FAMILY = "1,2";
			};
			name = Debug;
		};
		56AE6349203F48B500BFF979 /* Release */ = {
			isa = XCBuildConfiguration;
			baseConfigurationReference = 939D1A07BE0C87603F3CC4F6 /* Pods-Skibby.release.xcconfig */;
			buildSettings = {
				ASSETCATALOG_COMPILER_APPICON_NAME = AppIcon;
				CODE_SIGN_STYLE = Automatic;
				DEVELOPMENT_TEAM = 2978C4JMXA;
				INFOPLIST_FILE = Skibby/Config/Info.plist;
				LD_RUNPATH_SEARCH_PATHS = "$(inherited) @executable_path/Frameworks";
				PRODUCT_BUNDLE_IDENTIFIER = br.com.charlesferreira.Skibby;
				PRODUCT_NAME = "$(TARGET_NAME)";
				SWIFT_VERSION = 4.0;
				TARGETED_DEVICE_FAMILY = "1,2";
			};
			name = Release;
		};
/* End XCBuildConfiguration section */

/* Begin XCConfigurationList section */
		56AE6330203F48B500BFF979 /* Build configuration list for PBXProject "Skibby" */ = {
			isa = XCConfigurationList;
			buildConfigurations = (
				56AE6345203F48B500BFF979 /* Debug */,
				56AE6346203F48B500BFF979 /* Release */,
			);
			defaultConfigurationIsVisible = 0;
			defaultConfigurationName = Release;
		};
		56AE6347203F48B500BFF979 /* Build configuration list for PBXNativeTarget "Skibby" */ = {
			isa = XCConfigurationList;
			buildConfigurations = (
				56AE6348203F48B500BFF979 /* Debug */,
				56AE6349203F48B500BFF979 /* Release */,
			);
			defaultConfigurationIsVisible = 0;
			defaultConfigurationName = Release;
		};
/* End XCConfigurationList section */
	};
	rootObject = 56AE632D203F48B500BFF979 /* Project object */;
}
